<?xml version="1.0" encoding="utf-8"?>
<Project ToolsVersion="4.0" xmlns="http://schemas.microsoft.com/developer/msbuild/2003">
  <ItemGroup>
    <Filter Include="Исходные файлы">
      <UniqueIdentifier>{4FC737F1-C7A5-4376-A066-2A32D752A2FF}</UniqueIdentifier>
      <Extensions>cpp;c;cc;cxx;c++;cppm;ixx;def;odl;idl;hpj;bat;asm;asmx</Extensions>
    </Filter>
    <Filter Include="Файлы заголовков">
      <UniqueIdentifier>{93995380-89BD-4b04-88EB-625FBE52EBFB}</UniqueIdentifier>
      <Extensions>h;hh;hpp;hxx;h++;hm;inl;inc;ipp;xsd</Extensions>
    </Filter>
    <Filter Include="Файлы ресурсов">
      <UniqueIdentifier>{67DA6AB6-F800-4c08-8B7A-83BB121AAD01}</UniqueIdentifier>
      <Extensions>rc;ico;cur;bmp;dlg;rc2;rct;bin;rgs;gif;jpg;jpeg;jpe;resx;tiff;tif;png;wav;mfcribbon-ms</Extensions>
    </Filter>
  </ItemGroup>
  <ItemGroup>
    <ClCompile Include="LP_KP.cpp">
      <Filter>Исходные файлы</Filter>
    </ClCompile>
    <ClCompile Include="Analysis.cpp">
      <Filter>Исходные файлы</Filter>
    </ClCompile>
    <ClCompile Include="Error.cpp">
      <Filter>Исходные файлы</Filter>
    </ClCompile>
    <ClCompile Include="FST.cpp">
      <Filter>Исходные файлы</Filter>
    </ClCompile>
    <ClCompile Include="GBR.cpp">
      <Filter>Исходные файлы</Filter>
    </ClCompile>
    <ClCompile Include="In.cpp">
      <Filter>Исходные файлы</Filter>
    </ClCompile>
    <ClCompile Include="IT.cpp">
      <Filter>Исходные файлы</Filter>
    </ClCompile>
    <ClCompile Include="Log.cpp">
      <Filter>Исходные файлы</Filter>
    </ClCompile>
    <ClCompile Include="LT.cpp">
      <Filter>Исходные файлы</Filter>
    </ClCompile>
    <ClCompile Include="MFST.cpp">
      <Filter>Исходные файлы</Filter>
    </ClCompile>
    <ClCompile Include="Parm.cpp">
      <Filter>Исходные файлы</Filter>
    </ClCompile>
    <ClCompile Include="PolishNotation.cpp">
      <Filter>Исходные файлы</Filter>
    </ClCompile>
    <ClCompile Include="GenerateToAssembler.cpp">
      <Filter>Исходные файлы</Filter>
    </ClCompile>
    <ClCompile Include="SemAnalysis.cpp">
      <Filter>Исходные файлы</Filter>
    </ClCompile>
  </ItemGroup>
  <ItemGroup>
    <ClInclude Include="Analysis.h">
      <Filter>Файлы заголовков</Filter>
    </ClInclude>
    <ClInclude Include="Error.h">
      <Filter>Файлы заголовков</Filter>
    </ClInclude>
    <ClInclude Include="FST.h">
      <Filter>Файлы заголовков</Filter>
    </ClInclude>
    <ClInclude Include="GBR.h">
      <Filter>Файлы заголовков</Filter>
    </ClInclude>
    <ClInclude Include="In.h">
      <Filter>Файлы заголовков</Filter>
    </ClInclude>
    <ClInclude Include="IT.h">
      <Filter>Файлы заголовков</Filter>
    </ClInclude>
    <ClInclude Include="Log.h">
      <Filter>Файлы заголовков</Filter>
    </ClInclude>
    <ClInclude Include="LT.h">
      <Filter>Файлы заголовков</Filter>
    </ClInclude>
    <ClInclude Include="MFST.h">
      <Filter>Файлы заголовков</Filter>
    </ClInclude>
    <ClInclude Include="Parm.h">
      <Filter>Файлы заголовков</Filter>
    </ClInclude>
    <ClInclude Include="PolishNotation.h">
      <Filter>Файлы заголовков</Filter>
    </ClInclude>
    <ClInclude Include="GenerateToAssembler.h">
      <Filter>Файлы заголовков</Filter>
    </ClInclude>
    <ClInclude Include="SemAnalysis.h">
      <Filter>Файлы заголовков</Filter>
    </ClInclude>
    <ClInclude Include="stdafx.h">
      <Filter>Файлы заголовков</Filter>
    </ClInclude>
  </ItemGroup>
</Project>